
Microsoft Visual Studio Solution File, Format Version 12.00
# Visual Studio Version 16
VisualStudioVersion = 16.0.29728.190
MinimumVisualStudioVersion = 10.0.40219.1
Project("{9A19103F-16F7-4668-BE54-9A1E7A4F7556}") = "ViewzApp", "ViewzApp\ViewzApp.csproj", "{D12CCE1D-105A-468D-B13C-7BCD65FBB317}"
EndProject
Project("{9A19103F-16F7-4668-BE54-9A1E7A4F7556}") = "ViewzApi", "ViewzApi\ViewzApi.csproj", "{D78DC85A-4AA9-48C3-9EA0-1BC0E92F3262}"
EndProject
Project("{9A19103F-16F7-4668-BE54-9A1E7A4F7556}") = "DataAccess", "DataAccess\DataAccess.csproj", "{DAF34755-7A14-40BB-B12B-8109CEFCC78E}"
EndProject
Project("{9A19103F-16F7-4668-BE54-9A1E7A4F7556}") = "XUnitTestProject1", "XUnitTestProject1\XUnitTestProject1.csproj", "{90535CB6-0BF8-4460-95BD-59690C31DBCF}"
EndProject
Project("{9A19103F-16F7-4668-BE54-9A1E7A4F7556}") = "APIAccess", "APIAccess\APIAccess.csproj", "{8D102775-E53A-449C-AFFD-9BA10E50B189}"
EndProject
Global
	GlobalSection(SolutionConfigurationPlatforms) = preSolution
		Debug|Any CPU = Debug|Any CPU
		Release|Any CPU = Release|Any CPU
	EndGlobalSection
	GlobalSection(ProjectConfigurationPlatforms) = postSolution
		{D12CCE1D-105A-468D-B13C-7BCD65FBB317}.Debug|Any CPU.ActiveCfg = Debug|Any CPU
		{D12CCE1D-105A-468D-B13C-7BCD65FBB317}.Debug|Any CPU.Build.0 = Debug|Any CPU
		{D12CCE1D-105A-468D-B13C-7BCD65FBB317}.Release|Any CPU.ActiveCfg = Release|Any CPU
		{D12CCE1D-105A-468D-B13C-7BCD65FBB317}.Release|Any CPU.Build.0 = Release|Any CPU
		{D78DC85A-4AA9-48C3-9EA0-1BC0E92F3262}.Debug|Any CPU.ActiveCfg = Debug|Any CPU
		{D78DC85A-4AA9-48C3-9EA0-1BC0E92F3262}.Debug|Any CPU.Build.0 = Debug|Any CPU
		{D78DC85A-4AA9-48C3-9EA0-1BC0E92F3262}.Release|Any CPU.ActiveCfg = Release|Any CPU
		{D78DC85A-4AA9-48C3-9EA0-1BC0E92F3262}.Release|Any CPU.Build.0 = Release|Any CPU
		{DAF34755-7A14-40BB-B12B-8109CEFCC78E}.Debug|Any CPU.ActiveCfg = Debug|Any CPU
		{DAF34755-7A14-40BB-B12B-8109CEFCC78E}.Debug|Any CPU.Build.0 = Debug|Any CPU
		{DAF34755-7A14-40BB-B12B-8109CEFCC78E}.Release|Any CPU.ActiveCfg = Release|Any CPU
		{DAF34755-7A14-40BB-B12B-8109CEFCC78E}.Release|Any CPU.Build.0 = Release|Any CPU
		{90535CB6-0BF8-4460-95BD-59690C31DBCF}.Debug|Any CPU.ActiveCfg = Debug|Any CPU
		{90535CB6-0BF8-4460-95BD-59690C31DBCF}.Debug|Any CPU.Build.0 = Debug|Any CPU
		{90535CB6-0BF8-4460-95BD-59690C31DBCF}.Release|Any CPU.ActiveCfg = Release|Any CPU
		{90535CB6-0BF8-4460-95BD-59690C31DBCF}.Release|Any CPU.Build.0 = Release|Any CPU
		{8D102775-E53A-449C-AFFD-9BA10E50B189}.Debug|Any CPU.ActiveCfg = Debug|Any CPU
		{8D102775-E53A-449C-AFFD-9BA10E50B189}.Debug|Any CPU.Build.0 = Debug|Any CPU
		{8D102775-E53A-449C-AFFD-9BA10E50B189}.Release|Any CPU.ActiveCfg = Release|Any CPU
		{8D102775-E53A-449C-AFFD-9BA10E50B189}.Release|Any CPU.Build.0 = Release|Any CPU
	EndGlobalSection
	GlobalSection(SolutionProperties) = preSolution
		HideSolutionNode = FALSE
	EndGlobalSection
	GlobalSection(ExtensibilityGlobals) = postSolution
		SolutionGuid = {F3104789-753F-4F95-BAD7-24F105772C34}
	EndGlobalSection
EndGlobal
